// !$*UTF8*$!
{
	archiveVersion = 1;
	classes = {
	};
	objectVersion = 55;
	objects = {

/* Begin PBXBuildFile section */
		30AF08E0288F1AA00098EA82 /* AppDelegate.swift in Sources */ = {isa = PBXBuildFile; fileRef = 30AF08DF288F1AA00098EA82 /* AppDelegate.swift */; };
		30AF08E2288F1AA00098EA82 /* SceneDelegate.swift in Sources */ = {isa = PBXBuildFile; fileRef = 30AF08E1288F1AA00098EA82 /* SceneDelegate.swift */; };
		30AF08E4288F1AA00098EA82 /* NewHomeViewController.swift in Sources */ = {isa = PBXBuildFile; fileRef = 30AF08E3288F1AA00098EA82 /* NewHomeViewController.swift */; };
		30AF08EC288F1AA10098EA82 /* LaunchScreen.storyboard in Resources */ = {isa = PBXBuildFile; fileRef = 30AF08EA288F1AA10098EA82 /* LaunchScreen.storyboard */; };
		30AF08F4288F1D7C0098EA82 /* CollectionTableViewCell.swift in Sources */ = {isa = PBXBuildFile; fileRef = 30AF08F3288F1D7C0098EA82 /* CollectionTableViewCell.swift */; };
		30AF08F6288F1D900098EA82 /* ViewCollectionViewCell.swift in Sources */ = {isa = PBXBuildFile; fileRef = 30AF08F5288F1D900098EA82 /* ViewCollectionViewCell.swift */; };
		30AF08F8288F1D990098EA82 /* CollectionTableViewCellViewModel.swift in Sources */ = {isa = PBXBuildFile; fileRef = 30AF08F7288F1D990098EA82 /* CollectionTableViewCellViewModel.swift */; };
		30AF08FA288F1DA50098EA82 /* ViewCollectionViewCellViewModel.swift in Sources */ = {isa = PBXBuildFile; fileRef = 30AF08F9288F1DA50098EA82 /* ViewCollectionViewCellViewModel.swift */; };
		30AF08FC288F1DB40098EA82 /* NewHomeHeaderCollectionReusableView.swift in Sources */ = {isa = PBXBuildFile; fileRef = 30AF08FB288F1DB40098EA82 /* NewHomeHeaderCollectionReusableView.swift */; };
		30AF08FE288F1DCA0098EA82 /* NewHomeFooterCollectionReusableView.swift in Sources */ = {isa = PBXBuildFile; fileRef = 30AF08FD288F1DCA0098EA82 /* NewHomeFooterCollectionReusableView.swift */; };
		30AF0900288F1DDE0098EA82 /* TabBarHomeController.swift in Sources */ = {isa = PBXBuildFile; fileRef = 30AF08FF288F1DDE0098EA82 /* TabBarHomeController.swift */; };
		30AF0902288F1DE40098EA82 /* ExtractViewController.swift in Sources */ = {isa = PBXBuildFile; fileRef = 30AF0901288F1DE40098EA82 /* ExtractViewController.swift */; };
		30AF0904288F1DF10098EA82 /* ToolsViewController.swift in Sources */ = {isa = PBXBuildFile; fileRef = 30AF0903288F1DF10098EA82 /* ToolsViewController.swift */; };
		30AF0906288F1DF70098EA82 /* HomeLocalizable.strings in Resources */ = {isa = PBXBuildFile; fileRef = 30AF0905288F1DF70098EA82 /* HomeLocalizable.strings */; };
		30AF0908288F24360098EA82 /* Extension+Localizable.swift in Sources */ = {isa = PBXBuildFile; fileRef = 30AF0907288F24360098EA82 /* Extension+Localizable.swift */; };
		30AF090A288F24520098EA82 /* Extension+Fonts.swift in Sources */ = {isa = PBXBuildFile; fileRef = 30AF0909288F24520098EA82 /* Extension+Fonts.swift */; };
		30AF090C288F24650098EA82 /* Extension+Colors.swift in Sources */ = {isa = PBXBuildFile; fileRef = 30AF090B288F24650098EA82 /* Extension+Colors.swift */; };
		30AF090E288F2C930098EA82 /* Assets.xcassets in Resources */ = {isa = PBXBuildFile; fileRef = 30AF090D288F2C930098EA82 /* Assets.xcassets */; };
/* End PBXBuildFile section */

/* Begin PBXFileReference section */
		30AF08DC288F1AA00098EA82 /* Home.app */ = {isa = PBXFileReference; explicitFileType = wrapper.application; includeInIndex = 0; path = Home.app; sourceTree = BUILT_PRODUCTS_DIR; };
		30AF08DF288F1AA00098EA82 /* AppDelegate.swift */ = {isa = PBXFileReference; lastKnownFileType = sourcecode.swift; path = AppDelegate.swift; sourceTree = "<group>"; };
		30AF08E1288F1AA00098EA82 /* SceneDelegate.swift */ = {isa = PBXFileReference; lastKnownFileType = sourcecode.swift; path = SceneDelegate.swift; sourceTree = "<group>"; };
		30AF08E3288F1AA00098EA82 /* NewHomeViewController.swift */ = {isa = PBXFileReference; lastKnownFileType = sourcecode.swift; path = NewHomeViewController.swift; sourceTree = "<group>"; };
		30AF08EB288F1AA10098EA82 /* Base */ = {isa = PBXFileReference; lastKnownFileType = file.storyboard; name = Base; path = Base.lproj/LaunchScreen.storyboard; sourceTree = "<group>"; };
		30AF08ED288F1AA10098EA82 /* Info.plist */ = {isa = PBXFileReference; lastKnownFileType = text.plist.xml; path = Info.plist; sourceTree = "<group>"; };
		30AF08F3288F1D7C0098EA82 /* CollectionTableViewCell.swift */ = {isa = PBXFileReference; fileEncoding = 4; lastKnownFileType = sourcecode.swift; path = CollectionTableViewCell.swift; sourceTree = "<group>"; };
		30AF08F5288F1D900098EA82 /* ViewCollectionViewCell.swift */ = {isa = PBXFileReference; fileEncoding = 4; lastKnownFileType = sourcecode.swift; path = ViewCollectionViewCell.swift; sourceTree = "<group>"; };
		30AF08F7288F1D990098EA82 /* CollectionTableViewCellViewModel.swift */ = {isa = PBXFileReference; fileEncoding = 4; lastKnownFileType = sourcecode.swift; path = CollectionTableViewCellViewModel.swift; sourceTree = "<group>"; };
		30AF08F9288F1DA50098EA82 /* ViewCollectionViewCellViewModel.swift */ = {isa = PBXFileReference; fileEncoding = 4; lastKnownFileType = sourcecode.swift; path = ViewCollectionViewCellViewModel.swift; sourceTree = "<group>"; };
		30AF08FB288F1DB40098EA82 /* NewHomeHeaderCollectionReusableView.swift */ = {isa = PBXFileReference; fileEncoding = 4; lastKnownFileType = sourcecode.swift; path = NewHomeHeaderCollectionReusableView.swift; sourceTree = "<group>"; };
		30AF08FD288F1DCA0098EA82 /* NewHomeFooterCollectionReusableView.swift */ = {isa = PBXFileReference; fileEncoding = 4; lastKnownFileType = sourcecode.swift; path = NewHomeFooterCollectionReusableView.swift; sourceTree = "<group>"; };
		30AF08FF288F1DDE0098EA82 /* TabBarHomeController.swift */ = {isa = PBXFileReference; fileEncoding = 4; lastKnownFileType = sourcecode.swift; path = TabBarHomeController.swift; sourceTree = "<group>"; };
		30AF0901288F1DE40098EA82 /* ExtractViewController.swift */ = {isa = PBXFileReference; fileEncoding = 4; lastKnownFileType = sourcecode.swift; path = ExtractViewController.swift; sourceTree = "<group>"; };
		30AF0903288F1DF10098EA82 /* ToolsViewController.swift */ = {isa = PBXFileReference; fileEncoding = 4; lastKnownFileType = sourcecode.swift; path = ToolsViewController.swift; sourceTree = "<group>"; };
		30AF0905288F1DF70098EA82 /* HomeLocalizable.strings */ = {isa = PBXFileReference; fileEncoding = 4; lastKnownFileType = text.plist.strings; path = HomeLocalizable.strings; sourceTree = "<group>"; };
		30AF0907288F24360098EA82 /* Extension+Localizable.swift */ = {isa = PBXFileReference; fileEncoding = 4; lastKnownFileType = sourcecode.swift; path = "Extension+Localizable.swift"; sourceTree = "<group>"; };
		30AF0909288F24520098EA82 /* Extension+Fonts.swift */ = {isa = PBXFileReference; fileEncoding = 4; lastKnownFileType = sourcecode.swift; path = "Extension+Fonts.swift"; sourceTree = "<group>"; };
		30AF090B288F24650098EA82 /* Extension+Colors.swift */ = {isa = PBXFileReference; fileEncoding = 4; lastKnownFileType = sourcecode.swift; path = "Extension+Colors.swift"; sourceTree = "<group>"; };
		30AF090D288F2C930098EA82 /* Assets.xcassets */ = {isa = PBXFileReference; lastKnownFileType = folder.assetcatalog; path = Assets.xcassets; sourceTree = "<group>"; };
/* End PBXFileReference section */

/* Begin PBXFrameworksBuildPhase section */
		30AF08D9288F1AA00098EA82 /* Frameworks */ = {
			isa = PBXFrameworksBuildPhase;
			buildActionMask = 2147483647;
			files = (
			);
			runOnlyForDeploymentPostprocessing = 0;
		};
/* End PBXFrameworksBuildPhase section */

/* Begin PBXGroup section */
		30AF08D3288F1AA00098EA82 = {
			isa = PBXGroup;
			children = (
				30AF090D288F2C930098EA82 /* Assets.xcassets */,
				30AF08DE288F1AA00098EA82 /* Home */,
				30AF08DD288F1AA00098EA82 /* Products */,
			);
			sourceTree = "<group>";
		};
		30AF08DD288F1AA00098EA82 /* Products */ = {
			isa = PBXGroup;
			children = (
				30AF08DC288F1AA00098EA82 /* Home.app */,
			);
			name = Products;
			sourceTree = "<group>";
		};
		30AF08DE288F1AA00098EA82 /* Home */ = {
			isa = PBXGroup;
			children = (
				30AF08DF288F1AA00098EA82 /* AppDelegate.swift */,
				30AF08E1288F1AA00098EA82 /* SceneDelegate.swift */,
				30AF08FF288F1DDE0098EA82 /* TabBarHomeController.swift */,
				30AF0901288F1DE40098EA82 /* ExtractViewController.swift */,
				30AF0903288F1DF10098EA82 /* ToolsViewController.swift */,
				30AF08E3288F1AA00098EA82 /* NewHomeViewController.swift */,
				30AF0905288F1DF70098EA82 /* HomeLocalizable.strings */,
				30AF08F3288F1D7C0098EA82 /* CollectionTableViewCell.swift */,
				30AF08F7288F1D990098EA82 /* CollectionTableViewCellViewModel.swift */,
				30AF08F5288F1D900098EA82 /* ViewCollectionViewCell.swift */,
				30AF08F9288F1DA50098EA82 /* ViewCollectionViewCellViewModel.swift */,
				30AF08FB288F1DB40098EA82 /* NewHomeHeaderCollectionReusableView.swift */,
				30AF08FD288F1DCA0098EA82 /* NewHomeFooterCollectionReusableView.swift */,
				30AF0907288F24360098EA82 /* Extension+Localizable.swift */,
				30AF0909288F24520098EA82 /* Extension+Fonts.swift */,
				30AF090B288F24650098EA82 /* Extension+Colors.swift */,
				30AF08EA288F1AA10098EA82 /* LaunchScreen.storyboard */,
				30AF08ED288F1AA10098EA82 /* Info.plist */,
			);
			path = Home;
			sourceTree = "<group>";
		};
/* End PBXGroup section */

/* Begin PBXNativeTarget section */
		30AF08DB288F1AA00098EA82 /* Home */ = {
			isa = PBXNativeTarget;
			buildConfigurationList = 30AF08F0288F1AA10098EA82 /* Build configuration list for PBXNativeTarget "Home" */;
			buildPhases = (
				30AF08D8288F1AA00098EA82 /* Sources */,
				30AF08D9288F1AA00098EA82 /* Frameworks */,
				30AF08DA288F1AA00098EA82 /* Resources */,
			);
			buildRules = (
			);
			dependencies = (
			);
			name = Home;
			productName = Home;
			productReference = 30AF08DC288F1AA00098EA82 /* Home.app */;
			productType = "com.apple.product-type.application";
		};
/* End PBXNativeTarget section */

/* Begin PBXProject section */
		30AF08D4288F1AA00098EA82 /* Project object */ = {
			isa = PBXProject;
			attributes = {
				BuildIndependentTargetsInParallel = 1;
				LastSwiftUpdateCheck = 1340;
				LastUpgradeCheck = 1340;
				TargetAttributes = {
					30AF08DB288F1AA00098EA82 = {
						CreatedOnToolsVersion = 13.4.1;
					};
				};
			};
			buildConfigurationList = 30AF08D7288F1AA00098EA82 /* Build configuration list for PBXProject "Home" */;
			compatibilityVersion = "Xcode 13.0";
			developmentRegion = en;
			hasScannedForEncodings = 0;
			knownRegions = (
				en,
				Base,
			);
			mainGroup = 30AF08D3288F1AA00098EA82;
			productRefGroup = 30AF08DD288F1AA00098EA82 /* Products */;
			projectDirPath = "";
			projectRoot = "";
			targets = (
				30AF08DB288F1AA00098EA82 /* Home */,
			);
		};
/* End PBXProject section */

/* Begin PBXResourcesBuildPhase section */
		30AF08DA288F1AA00098EA82 /* Resources */ = {
			isa = PBXResourcesBuildPhase;
			buildActionMask = 2147483647;
			files = (
				30AF08EC288F1AA10098EA82 /* LaunchScreen.storyboard in Resources */,
				30AF090E288F2C930098EA82 /* Assets.xcassets in Resources */,
				30AF0906288F1DF70098EA82 /* HomeLocalizable.strings in Resources */,
			);
			runOnlyForDeploymentPostprocessing = 0;
		};
/* End PBXResourcesBuildPhase section */

/* Begin PBXSourcesBuildPhase section */
		30AF08D8288F1AA00098EA82 /* Sources */ = {
			isa = PBXSourcesBuildPhase;
			buildActionMask = 2147483647;
			files = (
				30AF0904288F1DF10098EA82 /* ToolsViewController.swift in Sources */,
				30AF08E4288F1AA00098EA82 /* NewHomeViewController.swift in Sources */,
				30AF0908288F24360098EA82 /* Extension+Localizable.swift in Sources */,
				30AF08E0288F1AA00098EA82 /* AppDelegate.swift in Sources */,
				30AF08FE288F1DCA0098EA82 /* NewHomeFooterCollectionReusableView.swift in Sources */,
				30AF08FC288F1DB40098EA82 /* NewHomeHeaderCollectionReusableView.swift in Sources */,
				30AF0900288F1DDE0098EA82 /* TabBarHomeController.swift in Sources */,
				30AF090C288F24650098EA82 /* Extension+Colors.swift in Sources */,
				30AF08F6288F1D900098EA82 /* ViewCollectionViewCell.swift in Sources */,
				30AF08E2288F1AA00098EA82 /* SceneDelegate.swift in Sources */,
				30AF08F8288F1D990098EA82 /* CollectionTableViewCellViewModel.swift in Sources */,
				30AF08FA288F1DA50098EA82 /* ViewCollectionViewCellViewModel.swift in Sources */,
				30AF08F4288F1D7C0098EA82 /* CollectionTableViewCell.swift in Sources */,
				30AF090A288F24520098EA82 /* Extension+Fonts.swift in Sources */,
				30AF0902288F1DE40098EA82 /* ExtractViewController.swift in Sources */,
			);
			runOnlyForDeploymentPostprocessing = 0;
		};
/* End PBXSourcesBuildPhase section */

/* Begin PBXVariantGroup section */
		30AF08EA288F1AA10098EA82 /* LaunchScreen.storyboard */ = {
			isa = PBXVariantGroup;
			children = (
				30AF08EB288F1AA10098EA82 /* Base */,
			);
			name = LaunchScreen.storyboard;
			sourceTree = "<group>";
		};
/* End PBXVariantGroup section */

/* Begin XCBuildConfiguration section */
		30AF08EE288F1AA10098EA82 /* Debug */ = {
			isa = XCBuildConfiguration;
			buildSettings = {
				ALWAYS_SEARCH_USER_PATHS = NO;
				CLANG_ANALYZER_NONNULL = YES;
				CLANG_ANALYZER_NUMBER_OBJECT_CONVERSION = YES_AGGRESSIVE;
				CLANG_CXX_LANGUAGE_STANDARD = "gnu++17";
				CLANG_ENABLE_MODULES = YES;
				CLANG_ENABLE_OBJC_ARC = YES;
				CLANG_ENABLE_OBJC_WEAK = YES;
				CLANG_WARN_BLOCK_CAPTURE_AUTORELEASING = YES;
				CLANG_WARN_BOOL_CONVERSION = YES;
				CLANG_WARN_COMMA = YES;
				CLANG_WARN_CONSTANT_CONVERSION = YES;
				CLANG_WARN_DEPRECATED_OBJC_IMPLEMENTATIONS = YES;
				CLANG_WARN_DIRECT_OBJC_ISA_USAGE = YES_ERROR;
				CLANG_WARN_DOCUMENTATION_COMMENTS = YES;
				CLANG_WARN_EMPTY_BODY = YES;
				CLANG_WARN_ENUM_CONVERSION = YES;
				CLANG_WARN_INFINITE_RECURSION = YES;
				CLANG_WARN_INT_CONVERSION = YES;
				CLANG_WARN_NON_LITERAL_NULL_CONVERSION = YES;
				CLANG_WARN_OBJC_IMPLICIT_RETAIN_SELF = YES;
				CLANG_WARN_OBJC_LITERAL_CONVERSION = YES;
				CLANG_WARN_OBJC_ROOT_CLASS = YES_ERROR;
				CLANG_WARN_QUOTED_INCLUDE_IN_FRAMEWORK_HEADER = YES;
				CLANG_WARN_RANGE_LOOP_ANALYSIS = YES;
				CLANG_WARN_STRICT_PROTOTYPES = YES;
				CLANG_WARN_SUSPICIOUS_MOVE = YES;
				CLANG_WARN_UNGUARDED_AVAILABILITY = YES_AGGRESSIVE;
				CLANG_WARN_UNREACHABLE_CODE = YES;
				CLANG_WARN__DUPLICATE_METHOD_MATCH = YES;
				COPY_PHASE_STRIP = NO;
				DEBUG_INFORMATION_FORMAT = dwarf;
				ENABLE_STRICT_OBJC_MSGSEND = YES;
				ENABLE_TESTABILITY = YES;
				GCC_C_LANGUAGE_STANDARD = gnu11;
				GCC_DYNAMIC_NO_PIC = NO;
				GCC_NO_COMMON_BLOCKS = YES;
				GCC_OPTIMIZATION_LEVEL = 0;
				GCC_PREPROCESSOR_DEFINITIONS = (
					"DEBUG=1",
					"$(inherited)",
				);
				GCC_WARN_64_TO_32_BIT_CONVERSION = YES;
				GCC_WARN_ABOUT_RETURN_TYPE = YES_ERROR;
				GCC_WARN_UNDECLARED_SELECTOR = YES;
				GCC_WARN_UNINITIALIZED_AUTOS = YES_AGGRESSIVE;
				GCC_WARN_UNUSED_FUNCTION = YES;
				GCC_WARN_UNUSED_VARIABLE = YES;
				IPHONEOS_DEPLOYMENT_TARGET = 15.5;
				MTL_ENABLE_DEBUG_INFO = INCLUDE_SOURCE;
				MTL_FAST_MATH = YES;
				ONLY_ACTIVE_ARCH = YES;
				SDKROOT = iphoneos;
				SWIFT_ACTIVE_COMPILATION_CONDITIONS = DEBUG;
				SWIFT_OPTIMIZATION_LEVEL = "-Onone";
			};
			name = Debug;
		};
		30AF08EF288F1AA10098EA82 /* Release */ = {
			isa = XCBuildConfiguration;
			buildSettings = {
				ALWAYS_SEARCH_USER_PATHS = NO;
				CLANG_ANALYZER_NONNULL = YES;
				CLANG_ANALYZER_NUMBER_OBJECT_CONVERSION = YES_AGGRESSIVE;
				CLANG_CXX_LANGUAGE_STANDARD = "gnu++17";
				CLANG_ENABLE_MODULES = YES;
				CLANG_ENABLE_OBJC_ARC = YES;
				CLANG_ENABLE_OBJC_WEAK = YES;
				CLANG_WARN_BLOCK_CAPTURE_AUTORELEASING = YES;
				CLANG_WARN_BOOL_CONVERSION = YES;
				CLANG_WARN_COMMA = YES;
				CLANG_WARN_CONSTANT_CONVERSION = YES;
				CLANG_WARN_DEPRECATED_OBJC_IMPLEMENTATIONS = YES;
				CLANG_WARN_DIRECT_OBJC_ISA_USAGE = YES_ERROR;
				CLANG_WARN_DOCUMENTATION_COMMENTS = YES;
				CLANG_WARN_EMPTY_BODY = YES;
				CLANG_WARN_ENUM_CONVERSION = YES;
				CLANG_WARN_INFINITE_RECURSION = YES;
				CLANG_WARN_INT_CONVERSION = YES;
				CLANG_WARN_NON_LITERAL_NULL_CONVERSION = YES;
				CLANG_WARN_OBJC_IMPLICIT_RETAIN_SELF = YES;
				CLANG_WARN_OBJC_LITERAL_CONVERSION = YES;
				CLANG_WARN_OBJC_ROOT_CLASS = YES_ERROR;
				CLANG_WARN_QUOTED_INCLUDE_IN_FRAMEWORK_HEADER = YES;
				CLANG_WARN_RANGE_LOOP_ANALYSIS = YES;
				CLANG_WARN_STRICT_PROTOTYPES = YES;
				CLANG_WARN_SUSPICIOUS_MOVE = YES;
				CLANG_WARN_UNGUARDED_AVAILABILITY = YES_AGGRESSIVE;
				CLANG_WARN_UNREACHABLE_CODE = YES;
				CLANG_WARN__DUPLICATE_METHOD_MATCH = YES;
				COPY_PHASE_STRIP = NO;
				DEBUG_INFORMATION_FORMAT = "dwarf-with-dsym";
				ENABLE_NS_ASSERTIONS = NO;
				ENABLE_STRICT_OBJC_MSGSEND = YES;
				GCC_C_LANGUAGE_STANDARD = gnu11;
				GCC_NO_COMMON_BLOCKS = YES;
				GCC_WARN_64_TO_32_BIT_CONVERSION = YES;
				GCC_WARN_ABOUT_RETURN_TYPE = YES_ERROR;
				GCC_WARN_UNDECLARED_SELECTOR = YES;
				GCC_WARN_UNINITIALIZED_AUTOS = YES_AGGRESSIVE;
				GCC_WARN_UNUSED_FUNCTION = YES;
				GCC_WARN_UNUSED_VARIABLE = YES;
				IPHONEOS_DEPLOYMENT_TARGET = 15.5;
				MTL_ENABLE_DEBUG_INFO = NO;
				MTL_FAST_MATH = YES;
				SDKROOT = iphoneos;
				SWIFT_COMPILATION_MODE = wholemodule;
				SWIFT_OPTIMIZATION_LEVEL = "-O";
				VALIDATE_PRODUCT = YES;
			};
			name = Release;
		};
		30AF08F1288F1AA10098EA82 /* Debug */ = {
			isa = XCBuildConfiguration;
			buildSettings = {
				ASSETCATALOG_COMPILER_APPICON_NAME = AppIcon;
				ASSETCATALOG_COMPILER_GLOBAL_ACCENT_COLOR_NAME = AccentColor;
				CODE_SIGN_STYLE = Automatic;
				CURRENT_PROJECT_VERSION = 1;
				DEVELOPMENT_TEAM = 2PNSMAGVKP;
				GENERATE_INFOPLIST_FILE = YES;
				INFOPLIST_FILE = Home/Info.plist;
				INFOPLIST_KEY_UIApplicationSupportsIndirectInputEvents = YES;
				INFOPLIST_KEY_UILaunchStoryboardName = LaunchScreen;
				INFOPLIST_KEY_UISupportedInterfaceOrientations_iPad = "UIInterfaceOrientationPortrait UIInterfaceOrientationPortraitUpsideDown UIInterfaceOrientationLandscapeLeft UIInterfaceOrientationLandscapeRight";
				INFOPLIST_KEY_UISupportedInterfaceOrientations_iPhone = "UIInterfaceOrientationPortrait UIInterfaceOrientationLandscapeLeft UIInterfaceOrientationLandscapeRight";
				LD_RUNPATH_SEARCH_PATHS = (
					"$(inherited)",
					"@executable_path/Frameworks",
				);
				MARKETING_VERSION = 1.0;
				PRODUCT_BUNDLE_IDENTIFIER = "Andreza-Evangelista.Home";
				PRODUCT_NAME = "$(TARGET_NAME)";
				SWIFT_EMIT_LOC_STRINGS = YES;
				SWIFT_VERSION = 5.0;
				TARGETED_DEVICE_FAMILY = "1,2";
			};
			name = Debug;
		};
		30AF08F2288F1AA10098EA82 /* Release */ = {
			isa = XCBuildConfiguration;
			buildSettings = {
				ASSETCATALOG_COMPILER_APPICON_NAME = AppIcon;
				ASSETCATALOG_COMPILER_GLOBAL_ACCENT_COLOR_NAME = AccentColor;
				CODE_SIGN_STYLE = Automatic;
				CURRENT_PROJECT_VERSION = 1;
				DEVELOPMENT_TEAM = 2PNSMAGVKP;
				GENERATE_INFOPLIST_FILE = YES;
				INFOPLIST_FILE = Home/Info.plist;
				INFOPLIST_KEY_UIApplicationSupportsIndirectInputEvents = YES;
				INFOPLIST_KEY_UILaunchStoryboardName = LaunchScreen;
				INFOPLIST_KEY_UISupportedInterfaceOrientations_iPad = "UIInterfaceOrientationPortrait UIInterfaceOrientationPortraitUpsideDown UIInterfaceOrientationLandscapeLeft UIInterfaceOrientationLandscapeRight";
				INFOPLIST_KEY_UISupportedInterfaceOrientations_iPhone = "UIInterfaceOrientationPortrait UIInterfaceOrientationLandscapeLeft UIInterfaceOrientationLandscapeRight";
				LD_RUNPATH_SEARCH_PATHS = (
					"$(inherited)",
					"@executable_path/Frameworks",
				);
				MARKETING_VERSION = 1.0;
				PRODUCT_BUNDLE_IDENTIFIER = "Andreza-Evangelista.Home";
				PRODUCT_NAME = "$(TARGET_NAME)";
				SWIFT_EMIT_LOC_STRINGS = YES;
				SWIFT_VERSION = 5.0;
				TARGETED_DEVICE_FAMILY = "1,2";
			};
			name = Release;
		};
/* End XCBuildConfiguration section */

/* Begin XCConfigurationList section */
		30AF08D7288F1AA00098EA82 /* Build configuration list for PBXProject "Home" */ = {
			isa = XCConfigurationList;
			buildConfigurations = (
				30AF08EE288F1AA10098EA82 /* Debug */,
				30AF08EF288F1AA10098EA82 /* Release */,
			);
			defaultConfigurationIsVisible = 0;
			defaultConfigurationName = Release;
		};
		30AF08F0288F1AA10098EA82 /* Build configuration list for PBXNativeTarget "Home" */ = {
			isa = XCConfigurationList;
			buildConfigurations = (
				30AF08F1288F1AA10098EA82 /* Debug */,
				30AF08F2288F1AA10098EA82 /* Release */,
			);
			defaultConfigurationIsVisible = 0;
			defaultConfigurationName = Release;
		};
/* End XCConfigurationList section */
	};
	rootObject = 30AF08D4288F1AA00098EA82 /* Project object */;
}
